
Microsoft Visual Studio Solution File, Format Version 12.00
# Visual Studio Version 17
VisualStudioVersion = 17.4.33213.308
MinimumVisualStudioVersion = 10.0.40219.1
Project("{FAE04EC0-301F-11D3-BF4B-00C04F79EFBC}") = "TrackSystem Viber Bot", "TrackSystem Viber Bot\TrackSystem Viber Bot.csproj", "{FB0E2FC2-5A73-4800-861F-4257F924EE81}"
EndProject
Global
	GlobalSection(SolutionConfigurationPlatforms) = preSolution
		Debug|Any CPU = Debug|Any CPU
		Release|Any CPU = Release|Any CPU
	EndGlobalSection
	GlobalSection(ProjectConfigurationPlatforms) = postSolution
		{FB0E2FC2-5A73-4800-861F-4257F924EE81}.Debug|Any CPU.ActiveCfg = Debug|Any CPU
		{FB0E2FC2-5A73-4800-861F-4257F924EE81}.Debug|Any CPU.Build.0 = Debug|Any CPU
		{FB0E2FC2-5A73-4800-861F-4257F924EE81}.Release|Any CPU.ActiveCfg = Release|Any CPU
		{FB0E2FC2-5A73-4800-861F-4257F924EE81}.Release|Any CPU.Build.0 = Release|Any CPU
	EndGlobalSection
	GlobalSection(SolutionProperties) = preSolution
		HideSolutionNode = FALSE
	EndGlobalSection
	GlobalSection(ExtensibilityGlobals) = postSolution
		SolutionGuid = {A44784AD-9069-444D-8A20-D0E352E37BA4}
	EndGlobalSection
EndGlobal
